<?xml version="1.0" encoding="utf-8"?>
<Project ToolsVersion="4.0" xmlns="http://schemas.microsoft.com/developer/msbuild/2003">
  <ItemGroup>
    <Filter Include="Archivos de código fuente">
      <UniqueIdentifier>{4FC737F1-C7A5-4376-A066-2A32D752A2FF}</UniqueIdentifier>
      <Extensions>cpp;c;cc;cxx;def;odl;idl;hpj;bat;asm;asmx</Extensions>
    </Filter>
    <Filter Include="Archivos de encabezado">
      <UniqueIdentifier>{93995380-89BD-4b04-88EB-625FBE52EBFB}</UniqueIdentifier>
      <Extensions>h;hpp;hxx;hm;inl;inc;xsd</Extensions>
    </Filter>
    <Filter Include="Archivos de recursos">
      <UniqueIdentifier>{67DA6AB6-F800-4c08-8B7A-83BB121AAD01}</UniqueIdentifier>
      <Extensions>rc;ico;cur;bmp;dlg;rc2;rct;bin;rgs;gif;jpg;jpeg;jpe;resx;tiff;tif;png;wav;mfcribbon-ms</Extensions>
    </Filter>
    <Filter Include="Archivos de código fuente\Tb">
      <UniqueIdentifier>{8f575733-6aed-41a6-a6e0-8baadf16f669}</UniqueIdentifier>
    </Filter>
    <Filter Include="Archivos de encabezado\Tb">
      <UniqueIdentifier>{658277e7-4d47-466d-b606-d1369a2cd6f6}</UniqueIdentifier>
    </Filter>
  </ItemGroup>
  <ItemGroup>
    <ClInclude Include="Definiciones.h">
      <Filter>Archivos de encabezado</Filter>
    </ClInclude>
    <ClInclude Include="Estructuras.h">
      <Filter>Archivos de encabezado</Filter>
    </ClInclude>
    <ClInclude Include="Evaluacion.h">
      <Filter>Archivos de encabezado</Filter>
    </ClInclude>
    <ClInclude Include="Externo.h">
      <Filter>Archivos de encabezado</Filter>
    </ClInclude>
    <ClInclude Include="GeneradorDeMovimientos.h">
      <Filter>Archivos de encabezado</Filter>
    </ClInclude>
    <ClInclude Include="Fen.h">
      <Filter>Archivos de encabezado</Filter>
    </ClInclude>
    <ClInclude Include="Historico.h">
      <Filter>Archivos de encabezado</Filter>
    </ClInclude>
    <ClInclude Include="Hash.h">
      <Filter>Archivos de encabezado</Filter>
    </ClInclude>
    <ClInclude Include="AlphaBeta.h">
      <Filter>Archivos de encabezado</Filter>
    </ClInclude>
    <ClInclude Include="Perft.h">
      <Filter>Archivos de encabezado</Filter>
    </ClInclude>
    <ClInclude Include="Utilidades.h">
      <Filter>Archivos de encabezado</Filter>
    </ClInclude>
    <ClInclude Include="OrdenarMovimientos.h">
      <Filter>Archivos de encabezado</Filter>
    </ClInclude>
    <ClInclude Include="tbprobe.h">
      <Filter>Archivos de encabezado\Tb</Filter>
    </ClInclude>
    <ClInclude Include="See.h">
      <Filter>Archivos de encabezado</Filter>
    </ClInclude>
    <ClInclude Include="nnue.h">
      <Filter>Archivos de encabezado\Tb</Filter>
    </ClInclude>
    <ClInclude Include="syzygy.h">
      <Filter>Archivos de encabezado\Tb</Filter>
    </ClInclude>
    <ClInclude Include="LibroAperturas.h">
      <Filter>Archivos de encabezado\Tb</Filter>
    </ClInclude>
  </ItemGroup>
  <ItemGroup>
    <ClCompile Include="Evaluacion.c">
      <Filter>Archivos de código fuente</Filter>
    </ClCompile>
    <ClCompile Include="GeneradorDeMovimientos.c">
      <Filter>Archivos de código fuente</Filter>
    </ClCompile>
    <ClCompile Include="Hash.c">
      <Filter>Archivos de código fuente</Filter>
    </ClCompile>
    <ClCompile Include="Inicio.c">
      <Filter>Archivos de código fuente</Filter>
    </ClCompile>
    <ClCompile Include="OrdenarMovimientos.c">
      <Filter>Archivos de código fuente</Filter>
    </ClCompile>
    <ClCompile Include="Perft.c">
      <Filter>Archivos de código fuente</Filter>
    </ClCompile>
    <ClCompile Include="Utilidades.c">
      <Filter>Archivos de código fuente</Filter>
    </ClCompile>
    <ClCompile Include="AlphaBeta.c">
      <Filter>Archivos de código fuente</Filter>
    </ClCompile>
    <ClCompile Include="Historico.c">
      <Filter>Archivos de código fuente</Filter>
    </ClCompile>
    <ClCompile Include="Fen.c">
      <Filter>Archivos de código fuente</Filter>
    </ClCompile>
    <ClCompile Include="tbprobe.c">
      <Filter>Archivos de código fuente\Tb</Filter>
    </ClCompile>
    <ClCompile Include="See.c">
      <Filter>Archivos de código fuente</Filter>
    </ClCompile>
    <ClCompile Include="nnue.c">
      <Filter>Archivos de código fuente\Tb</Filter>
    </ClCompile>
    <ClCompile Include="syzygy.c">
      <Filter>Archivos de código fuente\Tb</Filter>
    </ClCompile>
    <ClCompile Include="LibroAperturas.c">
      <Filter>Archivos de código fuente\Tb</Filter>
    </ClCompile>
  </ItemGroup>
</Project>