<?xml version="1.0" encoding="UTF-8" standalone="yes" ?>
<CodeBlocks_project_file>
	<FileVersion major="1" minor="6" />
	<Project>
		<Option title="egbb_x64" />
		<Option pch_mode="2" />
		<Option compiler="gnu_gcc_compiler_x64" />
		<Build>
			<Target title="Debug">
				<Option output="bin/Debug/egbb_x64" prefix_auto="1" extension_auto="1" />
				<Option object_output="obj/Debug/" />
				<Option type="3" />
				<Option compiler="gnu_gcc_compiler_x64" />
				<Option createDefFile="1" />
				<Option createStaticLib="1" />
				<Compiler>
					<Add option="-Wall" />
					<Add option="-DBUILD_DLL" />
					<Add option="-g" />
				</Compiler>
			</Target>
			<Target title="Release">
				<Option platforms="Windows;" />
				<Option output="bin/Release/egbb_x64" prefix_auto="1" extension_auto="1" />
				<Option object_output="obj/Release/" />
				<Option type="3" />
				<Option compiler="gnu_gcc_compiler_x64" />
				<Option createDefFile="1" />
				<Option createStaticLib="1" />
				<Compiler>
					<Add option="-O2" />
					<Add option="-std=gnu++11" />
					<Add option="-march=x86-64" />
					<Add option="-mtune=generic" />
					<Add option="-Wno-unused-variable" />
					<Add option="-Wno-unused-result" />
					<Add option="-Wall -fstrict-aliasing" />
					<Add option="-fno-exceptions" />
					<Add option="-fno-rtti" />
					<Add option="-DARC_64BIT" />
				</Compiler>
				<Linker>
					<Add option="-s" />
					<Add option="-lm" />
					<Add option="-lpthread" />
					<Add option="-static" />
				</Linker>
			</Target>
		</Build>
		<Unit filename="cache.cpp" />
		<Unit filename="cache.h" />
		<Unit filename="codec.cpp" />
		<Unit filename="codec.h" />
		<Unit filename="common.h" />
		<Unit filename="decompress.cpp" />
		<Unit filename="egbbdll.cpp" />
		<Unit filename="egbbdll.h" />
		<Unit filename="index.cpp" />
		<Unit filename="moves.cpp" />
		<Unit filename="my_types.h" />
		<Extensions />
	</Project>
</CodeBlocks_project_file>
