<?xml version="1.0" encoding="UTF-8" standalone="yes" ?>
<CodeBlocks_project_file>
	<FileVersion major="1" minor="6" />
	<Project>
		<Option title="Coiled" />
		<Option platforms="Windows;" />
		<Option makefile="makefile" />
		<Option makefile_is_custom="1" />
		<Option execution_dir="../src" />
		<Option pch_mode="2" />
		<Option compiler="gcc" />
		<MakeCommands>
			<Build command="$make -f $makefile $target" />
			<CompileFile command="$make -f $makefile $file" />
			<Clean command="$make -f $makefile clean" />
			<DistClean command="$make -f $makefile distclean$target" />
			<AskRebuildNeeded command="$make -q -f $makefile $target" />
			<SilentBuild command="$make -f $makefile $target &gt; $(CMD_NULL)" />
		</MakeCommands>
		<Build>
			<Target title="WindowsX86">
				<Option platforms="Windows;" />
				<Option output="Coiled_x86.exe" prefix_auto="0" extension_auto="0" />
				<Option type="0" />
				<Option compiler="gcc" />
				<MakeCommands>
					<Build command="$make -f $makefile $target=true X86" />
					<CompileFile command="$make -f $makefile $file" />
					<Clean command="$make -f $makefile clean" />
					<DistClean command="$make -f $makefile distclean$target" />
					<AskRebuildNeeded command="$make -q -f $makefile $target=true X86" />
					<SilentBuild command="$make -f $makefile $target=true X86 &gt; $(CMD_NULL)" />
				</MakeCommands>
			</Target>
		</Build>
		<Build>
			<Target title="DebugX86">
				<Option platforms="Windows;" />
				<Option output="Coiled_x86.exe" prefix_auto="0" extension_auto="0" />
				<Option type="0" />
				<Option compiler="gcc" />
				<MakeCommands>
					<Build command="$make -f $makefile WindowsX86=true DEBUG=true X86" />
					<CompileFile command="$make -f $makefile $file" />
					<Clean command="$make -f $makefile clean" />
					<DistClean command="$make -f $makefile distclean$target" />
					<AskRebuildNeeded command="$make -q -f $makefile WindowsX86=true DEBUG=true X86" />
					<SilentBuild command="$make -f $makefile $target=true X86 &gt; $(CMD_NULL)" />
				</MakeCommands>
			</Target>
		</Build>
		<Extensions />
	</Project>
</CodeBlocks_project_file>
